
Microsoft Visual Studio Solution File, Format Version 12.00
# Visual Studio Version 16
VisualStudioVersion = 16.0.30002.166
MinimumVisualStudioVersion = 10.0.40219.1
Project("{FAE04EC0-301F-11D3-BF4B-00C04F79EFBC}") = "SoundsSimple.iOS", "SoundsSimple.iOS\SoundsSimple.iOS.csproj", "{81E545CF-F864-4EB9-BC81-7F5208458821}"
EndProject
Project("{FAE04EC0-301F-11D3-BF4B-00C04F79EFBC}") = "SoundsSimple.Android", "SoundsSimple.Android\SoundsSimple.Android.csproj", "{D40175E6-6652-403F-AD0E-39DBF5647A3A}"
EndProject
Project("{9A19103F-16F7-4668-BE54-9A1E7A4F7556}") = "SoundsSimple", "SoundsSimple\SoundsSimple.csproj", "{E99CA83A-1AA4-405D-83C5-9C449E996F4F}"
EndProject
Global
	GlobalSection(SolutionConfigurationPlatforms) = preSolution
		Debug|Any CPU = Debug|Any CPU
		Debug|iPhone = Debug|iPhone
		Debug|iPhoneSimulator = Debug|iPhoneSimulator
		Release|Any CPU = Release|Any CPU
		Release|iPhone = Release|iPhone
		Release|iPhoneSimulator = Release|iPhoneSimulator
	EndGlobalSection
	GlobalSection(ProjectConfigurationPlatforms) = postSolution
		{81E545CF-F864-4EB9-BC81-7F5208458821}.Debug|Any CPU.ActiveCfg = Debug|iPhone
		{81E545CF-F864-4EB9-BC81-7F5208458821}.Debug|iPhone.ActiveCfg = Debug|iPhone
		{81E545CF-F864-4EB9-BC81-7F5208458821}.Debug|iPhone.Build.0 = Debug|iPhone
		{81E545CF-F864-4EB9-BC81-7F5208458821}.Debug|iPhoneSimulator.ActiveCfg = Debug|iPhoneSimulator
		{81E545CF-F864-4EB9-BC81-7F5208458821}.Debug|iPhoneSimulator.Build.0 = Debug|iPhoneSimulator
		{81E545CF-F864-4EB9-BC81-7F5208458821}.Release|Any CPU.ActiveCfg = Release|iPhone
		{81E545CF-F864-4EB9-BC81-7F5208458821}.Release|iPhone.ActiveCfg = Release|iPhone
		{81E545CF-F864-4EB9-BC81-7F5208458821}.Release|iPhone.Build.0 = Release|iPhone
		{81E545CF-F864-4EB9-BC81-7F5208458821}.Release|iPhoneSimulator.ActiveCfg = Release|iPhoneSimulator
		{81E545CF-F864-4EB9-BC81-7F5208458821}.Release|iPhoneSimulator.Build.0 = Release|iPhoneSimulator
		{D40175E6-6652-403F-AD0E-39DBF5647A3A}.Debug|Any CPU.ActiveCfg = Debug|Any CPU
		{D40175E6-6652-403F-AD0E-39DBF5647A3A}.Debug|Any CPU.Build.0 = Debug|Any CPU
		{D40175E6-6652-403F-AD0E-39DBF5647A3A}.Debug|Any CPU.Deploy.0 = Debug|Any CPU
		{D40175E6-6652-403F-AD0E-39DBF5647A3A}.Debug|iPhone.ActiveCfg = Debug|Any CPU
		{D40175E6-6652-403F-AD0E-39DBF5647A3A}.Debug|iPhone.Build.0 = Debug|Any CPU
		{D40175E6-6652-403F-AD0E-39DBF5647A3A}.Debug|iPhone.Deploy.0 = Debug|Any CPU
		{D40175E6-6652-403F-AD0E-39DBF5647A3A}.Debug|iPhoneSimulator.ActiveCfg = Debug|Any CPU
		{D40175E6-6652-403F-AD0E-39DBF5647A3A}.Debug|iPhoneSimulator.Build.0 = Debug|Any CPU
		{D40175E6-6652-403F-AD0E-39DBF5647A3A}.Debug|iPhoneSimulator.Deploy.0 = Debug|Any CPU
		{D40175E6-6652-403F-AD0E-39DBF5647A3A}.Release|Any CPU.ActiveCfg = Release|Any CPU
		{D40175E6-6652-403F-AD0E-39DBF5647A3A}.Release|Any CPU.Build.0 = Release|Any CPU
		{D40175E6-6652-403F-AD0E-39DBF5647A3A}.Release|Any CPU.Deploy.0 = Release|Any CPU
		{D40175E6-6652-403F-AD0E-39DBF5647A3A}.Release|iPhone.ActiveCfg = Release|Any CPU
		{D40175E6-6652-403F-AD0E-39DBF5647A3A}.Release|iPhone.Build.0 = Release|Any CPU
		{D40175E6-6652-403F-AD0E-39DBF5647A3A}.Release|iPhone.Deploy.0 = Release|Any CPU
		{D40175E6-6652-403F-AD0E-39DBF5647A3A}.Release|iPhoneSimulator.ActiveCfg = Release|Any CPU
		{D40175E6-6652-403F-AD0E-39DBF5647A3A}.Release|iPhoneSimulator.Build.0 = Release|Any CPU
		{D40175E6-6652-403F-AD0E-39DBF5647A3A}.Release|iPhoneSimulator.Deploy.0 = Release|Any CPU
		{E99CA83A-1AA4-405D-83C5-9C449E996F4F}.Debug|Any CPU.ActiveCfg = Debug|Any CPU
		{E99CA83A-1AA4-405D-83C5-9C449E996F4F}.Debug|Any CPU.Build.0 = Debug|Any CPU
		{E99CA83A-1AA4-405D-83C5-9C449E996F4F}.Debug|iPhone.ActiveCfg = Debug|Any CPU
		{E99CA83A-1AA4-405D-83C5-9C449E996F4F}.Debug|iPhone.Build.0 = Debug|Any CPU
		{E99CA83A-1AA4-405D-83C5-9C449E996F4F}.Debug|iPhoneSimulator.ActiveCfg = Debug|Any CPU
		{E99CA83A-1AA4-405D-83C5-9C449E996F4F}.Debug|iPhoneSimulator.Build.0 = Debug|Any CPU
		{E99CA83A-1AA4-405D-83C5-9C449E996F4F}.Release|Any CPU.ActiveCfg = Release|Any CPU
		{E99CA83A-1AA4-405D-83C5-9C449E996F4F}.Release|Any CPU.Build.0 = Release|Any CPU
		{E99CA83A-1AA4-405D-83C5-9C449E996F4F}.Release|iPhone.ActiveCfg = Release|Any CPU
		{E99CA83A-1AA4-405D-83C5-9C449E996F4F}.Release|iPhone.Build.0 = Release|Any CPU
		{E99CA83A-1AA4-405D-83C5-9C449E996F4F}.Release|iPhoneSimulator.ActiveCfg = Release|Any CPU
		{E99CA83A-1AA4-405D-83C5-9C449E996F4F}.Release|iPhoneSimulator.Build.0 = Release|Any CPU
	EndGlobalSection
	GlobalSection(SolutionProperties) = preSolution
		HideSolutionNode = FALSE
	EndGlobalSection
	GlobalSection(ExtensibilityGlobals) = postSolution
		SolutionGuid = {4C629F76-2DF3-4E58-908E-4832CB8A85D3}
	EndGlobalSection
EndGlobal
